
Microsoft Visual Studio Solution File, Format Version 12.00
# Visual Studio Version 16
VisualStudioVersion = 16.0.32802.440
MinimumVisualStudioVersion = 10.0.40219.1
Project("{8BC9CEB8-8B4A-11D0-8D11-00A0C91BC942}") = "20220915_pjh_test2", "20220915_pjh_test2\20220915_pjh_test2.vcxproj", "{FC49118C-09BF-4A2A-A6FB-252332574978}"
EndProject
Global
	GlobalSection(SolutionConfigurationPlatforms) = preSolution
		Debug|x64 = Debug|x64
		Debug|x86 = Debug|x86
		Release|x64 = Release|x64
		Release|x86 = Release|x86
	EndGlobalSection
	GlobalSection(ProjectConfigurationPlatforms) = postSolution
		{FC49118C-09BF-4A2A-A6FB-252332574978}.Debug|x64.ActiveCfg = Debug|x64
		{FC49118C-09BF-4A2A-A6FB-252332574978}.Debug|x64.Build.0 = Debug|x64
		{FC49118C-09BF-4A2A-A6FB-252332574978}.Debug|x86.ActiveCfg = Debug|Win32
		{FC49118C-09BF-4A2A-A6FB-252332574978}.Debug|x86.Build.0 = Debug|Win32
		{FC49118C-09BF-4A2A-A6FB-252332574978}.Release|x64.ActiveCfg = Release|x64
		{FC49118C-09BF-4A2A-A6FB-252332574978}.Release|x64.Build.0 = Release|x64
		{FC49118C-09BF-4A2A-A6FB-252332574978}.Release|x86.ActiveCfg = Release|Win32
		{FC49118C-09BF-4A2A-A6FB-252332574978}.Release|x86.Build.0 = Release|Win32
	EndGlobalSection
	GlobalSection(SolutionProperties) = preSolution
		HideSolutionNode = FALSE
	EndGlobalSection
	GlobalSection(ExtensibilityGlobals) = postSolution
		SolutionGuid = {29F62B13-F12B-468F-9F3D-ACF977AA2A90}
	EndGlobalSection
EndGlobal
