
Microsoft Visual Studio Solution File, Format Version 12.00
# Visual Studio Version 16
VisualStudioVersion = 16.0.32802.440
MinimumVisualStudioVersion = 10.0.40219.1
Project("{8BC9CEB8-8B4A-11D0-8D11-00A0C91BC942}") = "20220922_pjh_test1", "20220922_pjh_test1\20220922_pjh_test1.vcxproj", "{B6DC7076-3200-40BD-9828-ACAA7DA0E618}"
EndProject
Global
	GlobalSection(SolutionConfigurationPlatforms) = preSolution
		Debug|x64 = Debug|x64
		Debug|x86 = Debug|x86
		Release|x64 = Release|x64
		Release|x86 = Release|x86
	EndGlobalSection
	GlobalSection(ProjectConfigurationPlatforms) = postSolution
		{B6DC7076-3200-40BD-9828-ACAA7DA0E618}.Debug|x64.ActiveCfg = Debug|x64
		{B6DC7076-3200-40BD-9828-ACAA7DA0E618}.Debug|x64.Build.0 = Debug|x64
		{B6DC7076-3200-40BD-9828-ACAA7DA0E618}.Debug|x86.ActiveCfg = Debug|Win32
		{B6DC7076-3200-40BD-9828-ACAA7DA0E618}.Debug|x86.Build.0 = Debug|Win32
		{B6DC7076-3200-40BD-9828-ACAA7DA0E618}.Release|x64.ActiveCfg = Release|x64
		{B6DC7076-3200-40BD-9828-ACAA7DA0E618}.Release|x64.Build.0 = Release|x64
		{B6DC7076-3200-40BD-9828-ACAA7DA0E618}.Release|x86.ActiveCfg = Release|Win32
		{B6DC7076-3200-40BD-9828-ACAA7DA0E618}.Release|x86.Build.0 = Release|Win32
	EndGlobalSection
	GlobalSection(SolutionProperties) = preSolution
		HideSolutionNode = FALSE
	EndGlobalSection
	GlobalSection(ExtensibilityGlobals) = postSolution
		SolutionGuid = {DFFC1A1B-BC26-4092-B758-0A3447E8492E}
	EndGlobalSection
EndGlobal
