
Microsoft Visual Studio Solution File, Format Version 12.00
# Visual Studio Version 16
VisualStudioVersion = 16.0.32802.440
MinimumVisualStudioVersion = 10.0.40219.1
Project("{8BC9CEB8-8B4A-11D0-8D11-00A0C91BC942}") = "20221012_pjh_test2", "20221012_pjh_test2\20221012_pjh_test2.vcxproj", "{5CFF4534-A8DB-4B06-9F6F-342242F6EA6B}"
EndProject
Global
	GlobalSection(SolutionConfigurationPlatforms) = preSolution
		Debug|x64 = Debug|x64
		Debug|x86 = Debug|x86
		Release|x64 = Release|x64
		Release|x86 = Release|x86
	EndGlobalSection
	GlobalSection(ProjectConfigurationPlatforms) = postSolution
		{5CFF4534-A8DB-4B06-9F6F-342242F6EA6B}.Debug|x64.ActiveCfg = Debug|x64
		{5CFF4534-A8DB-4B06-9F6F-342242F6EA6B}.Debug|x64.Build.0 = Debug|x64
		{5CFF4534-A8DB-4B06-9F6F-342242F6EA6B}.Debug|x86.ActiveCfg = Debug|Win32
		{5CFF4534-A8DB-4B06-9F6F-342242F6EA6B}.Debug|x86.Build.0 = Debug|Win32
		{5CFF4534-A8DB-4B06-9F6F-342242F6EA6B}.Release|x64.ActiveCfg = Release|x64
		{5CFF4534-A8DB-4B06-9F6F-342242F6EA6B}.Release|x64.Build.0 = Release|x64
		{5CFF4534-A8DB-4B06-9F6F-342242F6EA6B}.Release|x86.ActiveCfg = Release|Win32
		{5CFF4534-A8DB-4B06-9F6F-342242F6EA6B}.Release|x86.Build.0 = Release|Win32
	EndGlobalSection
	GlobalSection(SolutionProperties) = preSolution
		HideSolutionNode = FALSE
	EndGlobalSection
	GlobalSection(ExtensibilityGlobals) = postSolution
		SolutionGuid = {65E8A240-3403-4756-8A42-224348A3A1D6}
	EndGlobalSection
EndGlobal
