
Microsoft Visual Studio Solution File, Format Version 12.00
# Visual Studio Version 16
VisualStudioVersion = 16.0.32802.440
MinimumVisualStudioVersion = 10.0.40219.1
Project("{8BC9CEB8-8B4A-11D0-8D11-00A0C91BC942}") = "20221130_pjh_test1", "20221130_pjh_test1\20221130_pjh_test1.vcxproj", "{06FF7301-1F22-4792-9D0D-BC3189F11619}"
EndProject
Global
	GlobalSection(SolutionConfigurationPlatforms) = preSolution
		Debug|x64 = Debug|x64
		Debug|x86 = Debug|x86
		Release|x64 = Release|x64
		Release|x86 = Release|x86
	EndGlobalSection
	GlobalSection(ProjectConfigurationPlatforms) = postSolution
		{06FF7301-1F22-4792-9D0D-BC3189F11619}.Debug|x64.ActiveCfg = Debug|x64
		{06FF7301-1F22-4792-9D0D-BC3189F11619}.Debug|x64.Build.0 = Debug|x64
		{06FF7301-1F22-4792-9D0D-BC3189F11619}.Debug|x86.ActiveCfg = Debug|Win32
		{06FF7301-1F22-4792-9D0D-BC3189F11619}.Debug|x86.Build.0 = Debug|Win32
		{06FF7301-1F22-4792-9D0D-BC3189F11619}.Release|x64.ActiveCfg = Release|x64
		{06FF7301-1F22-4792-9D0D-BC3189F11619}.Release|x64.Build.0 = Release|x64
		{06FF7301-1F22-4792-9D0D-BC3189F11619}.Release|x86.ActiveCfg = Release|Win32
		{06FF7301-1F22-4792-9D0D-BC3189F11619}.Release|x86.Build.0 = Release|Win32
	EndGlobalSection
	GlobalSection(SolutionProperties) = preSolution
		HideSolutionNode = FALSE
	EndGlobalSection
	GlobalSection(ExtensibilityGlobals) = postSolution
		SolutionGuid = {4FAB3782-5B5D-41BC-AE11-12C49BCA8709}
	EndGlobalSection
EndGlobal
