
Microsoft Visual Studio Solution File, Format Version 12.00
# Visual Studio Version 16
VisualStudioVersion = 16.0.32802.440
MinimumVisualStudioVersion = 10.0.40219.1
Project("{8BC9CEB8-8B4A-11D0-8D11-00A0C91BC942}") = "20221117_pjh_test3", "20221117_pjh_test3\20221117_pjh_test3.vcxproj", "{3DE971CC-AE2A-42AE-B93F-B9C90E3843B2}"
EndProject
Global
	GlobalSection(SolutionConfigurationPlatforms) = preSolution
		Debug|x64 = Debug|x64
		Debug|x86 = Debug|x86
		Release|x64 = Release|x64
		Release|x86 = Release|x86
	EndGlobalSection
	GlobalSection(ProjectConfigurationPlatforms) = postSolution
		{3DE971CC-AE2A-42AE-B93F-B9C90E3843B2}.Debug|x64.ActiveCfg = Debug|x64
		{3DE971CC-AE2A-42AE-B93F-B9C90E3843B2}.Debug|x64.Build.0 = Debug|x64
		{3DE971CC-AE2A-42AE-B93F-B9C90E3843B2}.Debug|x86.ActiveCfg = Debug|Win32
		{3DE971CC-AE2A-42AE-B93F-B9C90E3843B2}.Debug|x86.Build.0 = Debug|Win32
		{3DE971CC-AE2A-42AE-B93F-B9C90E3843B2}.Release|x64.ActiveCfg = Release|x64
		{3DE971CC-AE2A-42AE-B93F-B9C90E3843B2}.Release|x64.Build.0 = Release|x64
		{3DE971CC-AE2A-42AE-B93F-B9C90E3843B2}.Release|x86.ActiveCfg = Release|Win32
		{3DE971CC-AE2A-42AE-B93F-B9C90E3843B2}.Release|x86.Build.0 = Release|Win32
	EndGlobalSection
	GlobalSection(SolutionProperties) = preSolution
		HideSolutionNode = FALSE
	EndGlobalSection
	GlobalSection(ExtensibilityGlobals) = postSolution
		SolutionGuid = {6242E280-12DD-47BE-888E-23B157C59A76}
	EndGlobalSection
EndGlobal
